
Microsoft Visual Studio Solution File, Format Version 12.00
# Visual Studio Version 17
VisualStudioVersion = 17.3.32901.215
MinimumVisualStudioVersion = 10.0.40219.1
Project("{9A19103F-16F7-4668-BE54-9A1E7A4F7556}") = "AspMvcWebApp", "AspMvcWebApp\AspMvcWebApp.csproj", "{A051AB02-C577-44EF-A7E9-13EC7215B875}"
EndProject
Global
	GlobalSection(SolutionConfigurationPlatforms) = preSolution
		Debug|Any CPU = Debug|Any CPU
		Release|Any CPU = Release|Any CPU
	EndGlobalSection
	GlobalSection(ProjectConfigurationPlatforms) = postSolution
		{A051AB02-C577-44EF-A7E9-13EC7215B875}.Debug|Any CPU.ActiveCfg = Debug|Any CPU
		{A051AB02-C577-44EF-A7E9-13EC7215B875}.Debug|Any CPU.Build.0 = Debug|Any CPU
		{A051AB02-C577-44EF-A7E9-13EC7215B875}.Release|Any CPU.ActiveCfg = Release|Any CPU
		{A051AB02-C577-44EF-A7E9-13EC7215B875}.Release|Any CPU.Build.0 = Release|Any CPU
	EndGlobalSection
	GlobalSection(SolutionProperties) = preSolution
		HideSolutionNode = FALSE
	EndGlobalSection
	GlobalSection(ExtensibilityGlobals) = postSolution
		SolutionGuid = {C4F7F6A0-4632-4D52-9B6E-B0FC21F5E9F1}
	EndGlobalSection
EndGlobal
